// !$*UTF8*$!
{
	archiveVersion = 1;
	classes = {
	};
	objectVersion = 50;
	objects = {

/* Begin PBXBuildFile section */
		6CC31B98240B842E008FA07D /* AppDelegate.swift in Sources */ = {isa = PBXBuildFile; fileRef = 6CC31B97240B842E008FA07D /* AppDelegate.swift */; };
		6CC31B9A240B842E008FA07D /* SceneDelegate.swift in Sources */ = {isa = PBXBuildFile; fileRef = 6CC31B99240B842E008FA07D /* SceneDelegate.swift */; };
		6CC31BA2240B842E008FA07D /* DocFinder.xcdatamodeld in Sources */ = {isa = PBXBuildFile; fileRef = 6CC31BA0240B842E008FA07D /* DocFinder.xcdatamodeld */; };
		6CC31BA4240B8432008FA07D /* Assets.xcassets in Resources */ = {isa = PBXBuildFile; fileRef = 6CC31BA3240B8432008FA07D /* Assets.xcassets */; };
		6CC31BA7240B8432008FA07D /* LaunchScreen.storyboard in Resources */ = {isa = PBXBuildFile; fileRef = 6CC31BA5240B8432008FA07D /* LaunchScreen.storyboard */; };
		6CC31BAF240B8AC9008FA07D /* MainTopView.swift in Sources */ = {isa = PBXBuildFile; fileRef = 6CC31BAE240B8AC9008FA07D /* MainTopView.swift */; };
		6CC31BB1240B9595008FA07D /* UIColor+Ext.swift in Sources */ = {isa = PBXBuildFile; fileRef = 6CC31BB0240B9595008FA07D /* UIColor+Ext.swift */; };
		6CC31BB3240B9C40008FA07D /* DoctorsNearbyView.swift in Sources */ = {isa = PBXBuildFile; fileRef = 6CC31BB2240B9C40008FA07D /* DoctorsNearbyView.swift */; };
		6CC31BB5240B9D2B008FA07D /* BlueLineView.swift in Sources */ = {isa = PBXBuildFile; fileRef = 6CC31BB4240B9D2B008FA07D /* BlueLineView.swift */; };
		6CC31BB7240B9DB1008FA07D /* DFButton.swift in Sources */ = {isa = PBXBuildFile; fileRef = 6CC31BB6240B9DB1008FA07D /* DFButton.swift */; };
		6CC31BB9240CAFB5008FA07D /* MainInsuranceView.swift in Sources */ = {isa = PBXBuildFile; fileRef = 6CC31BB8240CAFB5008FA07D /* MainInsuranceView.swift */; };
		6CC31BBB240CB455008FA07D /* TransparentButton.swift in Sources */ = {isa = PBXBuildFile; fileRef = 6CC31BBA240CB455008FA07D /* TransparentButton.swift */; };
		6CC31BBD240CB8E6008FA07D /* MyDoctorsButton.swift in Sources */ = {isa = PBXBuildFile; fileRef = 6CC31BBC240CB8E6008FA07D /* MyDoctorsButton.swift */; };
		6CC31BC4240CC925008FA07D /* HomePageViewController.swift in Sources */ = {isa = PBXBuildFile; fileRef = 6CC31BC3240CC925008FA07D /* HomePageViewController.swift */; };
		6CC31BC6240CCA1B008FA07D /* MainPageDoctorsView.swift in Sources */ = {isa = PBXBuildFile; fileRef = 6CC31BC5240CCA1B008FA07D /* MainPageDoctorsView.swift */; };
/* End PBXBuildFile section */

/* Begin PBXFileReference section */
		6CC31B94240B842E008FA07D /* DocFinder.app */ = {isa = PBXFileReference; explicitFileType = wrapper.application; includeInIndex = 0; path = DocFinder.app; sourceTree = BUILT_PRODUCTS_DIR; };
		6CC31B97240B842E008FA07D /* AppDelegate.swift */ = {isa = PBXFileReference; lastKnownFileType = sourcecode.swift; path = AppDelegate.swift; sourceTree = "<group>"; };
		6CC31B99240B842E008FA07D /* SceneDelegate.swift */ = {isa = PBXFileReference; lastKnownFileType = sourcecode.swift; path = SceneDelegate.swift; sourceTree = "<group>"; };
		6CC31BA1240B842E008FA07D /* DocFinder.xcdatamodel */ = {isa = PBXFileReference; lastKnownFileType = wrapper.xcdatamodel; path = DocFinder.xcdatamodel; sourceTree = "<group>"; };
		6CC31BA3240B8432008FA07D /* Assets.xcassets */ = {isa = PBXFileReference; lastKnownFileType = folder.assetcatalog; path = Assets.xcassets; sourceTree = "<group>"; };
		6CC31BA6240B8432008FA07D /* Base */ = {isa = PBXFileReference; lastKnownFileType = file.storyboard; name = Base; path = Base.lproj/LaunchScreen.storyboard; sourceTree = "<group>"; };
		6CC31BA8240B8432008FA07D /* Info.plist */ = {isa = PBXFileReference; lastKnownFileType = text.plist.xml; path = Info.plist; sourceTree = "<group>"; };
		6CC31BAE240B8AC9008FA07D /* MainTopView.swift */ = {isa = PBXFileReference; lastKnownFileType = sourcecode.swift; path = MainTopView.swift; sourceTree = "<group>"; };
		6CC31BB0240B9595008FA07D /* UIColor+Ext.swift */ = {isa = PBXFileReference; lastKnownFileType = sourcecode.swift; path = "UIColor+Ext.swift"; sourceTree = "<group>"; };
		6CC31BB2240B9C40008FA07D /* DoctorsNearbyView.swift */ = {isa = PBXFileReference; lastKnownFileType = sourcecode.swift; path = DoctorsNearbyView.swift; sourceTree = "<group>"; };
		6CC31BB4240B9D2B008FA07D /* BlueLineView.swift */ = {isa = PBXFileReference; lastKnownFileType = sourcecode.swift; path = BlueLineView.swift; sourceTree = "<group>"; };
		6CC31BB6240B9DB1008FA07D /* DFButton.swift */ = {isa = PBXFileReference; lastKnownFileType = sourcecode.swift; path = DFButton.swift; sourceTree = "<group>"; };
		6CC31BB8240CAFB5008FA07D /* MainInsuranceView.swift */ = {isa = PBXFileReference; lastKnownFileType = sourcecode.swift; path = MainInsuranceView.swift; sourceTree = "<group>"; };
		6CC31BBA240CB455008FA07D /* TransparentButton.swift */ = {isa = PBXFileReference; lastKnownFileType = sourcecode.swift; path = TransparentButton.swift; sourceTree = "<group>"; };
		6CC31BBC240CB8E6008FA07D /* MyDoctorsButton.swift */ = {isa = PBXFileReference; lastKnownFileType = sourcecode.swift; path = MyDoctorsButton.swift; sourceTree = "<group>"; };
		6CC31BC3240CC925008FA07D /* HomePageViewController.swift */ = {isa = PBXFileReference; fileEncoding = 4; lastKnownFileType = sourcecode.swift; path = HomePageViewController.swift; sourceTree = "<group>"; };
		6CC31BC5240CCA1B008FA07D /* MainPageDoctorsView.swift */ = {isa = PBXFileReference; lastKnownFileType = sourcecode.swift; path = MainPageDoctorsView.swift; sourceTree = "<group>"; };
/* End PBXFileReference section */

/* Begin PBXFrameworksBuildPhase section */
		6CC31B91240B842E008FA07D /* Frameworks */ = {
			isa = PBXFrameworksBuildPhase;
			buildActionMask = 2147483647;
			files = (
			);
			runOnlyForDeploymentPostprocessing = 0;
		};
/* End PBXFrameworksBuildPhase section */

/* Begin PBXGroup section */
		6CC31B8B240B842E008FA07D = {
			isa = PBXGroup;
			children = (
				6CC31B96240B842E008FA07D /* DocFinder */,
				6CC31B95240B842E008FA07D /* Products */,
			);
			sourceTree = "<group>";
		};
		6CC31B95240B842E008FA07D /* Products */ = {
			isa = PBXGroup;
			children = (
				6CC31B94240B842E008FA07D /* DocFinder.app */,
			);
			name = Products;
			sourceTree = "<group>";
		};
		6CC31B96240B842E008FA07D /* DocFinder */ = {
			isa = PBXGroup;
			children = (
				6CC31B97240B842E008FA07D /* AppDelegate.swift */,
				6CC31B99240B842E008FA07D /* SceneDelegate.swift */,
				6CC31BC3240CC925008FA07D /* HomePageViewController.swift */,
				6CC31BBE240CC8A0008FA07D /* Views */,
				6CC31BB0240B9595008FA07D /* UIColor+Ext.swift */,
				6CC31BA3240B8432008FA07D /* Assets.xcassets */,
				6CC31BA5240B8432008FA07D /* LaunchScreen.storyboard */,
				6CC31BA8240B8432008FA07D /* Info.plist */,
				6CC31BA0240B842E008FA07D /* DocFinder.xcdatamodeld */,
			);
			path = DocFinder;
			sourceTree = "<group>";
		};
		6CC31BBE240CC8A0008FA07D /* Views */ = {
			isa = PBXGroup;
			children = (
				6CC31BBF240CC8BA008FA07D /* Custom Views */,
				6CC31BC0240CC8C5008FA07D /* HomePageViews */,
			);
			path = Views;
			sourceTree = "<group>";
		};
		6CC31BBF240CC8BA008FA07D /* Custom Views */ = {
			isa = PBXGroup;
			children = (
				6CC31BC5240CCA1B008FA07D /* MainPageDoctorsView.swift */,
				6CC31BB6240B9DB1008FA07D /* DFButton.swift */,
				6CC31BBA240CB455008FA07D /* TransparentButton.swift */,
				6CC31BBC240CB8E6008FA07D /* MyDoctorsButton.swift */,
			);
			path = "Custom Views";
			sourceTree = "<group>";
		};
		6CC31BC0240CC8C5008FA07D /* HomePageViews */ = {
			isa = PBXGroup;
			children = (
				6CC31BB4240B9D2B008FA07D /* BlueLineView.swift */,
				6CC31BB2240B9C40008FA07D /* DoctorsNearbyView.swift */,
				6CC31BB8240CAFB5008FA07D /* MainInsuranceView.swift */,
				6CC31BAE240B8AC9008FA07D /* MainTopView.swift */,
			);
			path = HomePageViews;
			sourceTree = "<group>";
		};
/* End PBXGroup section */

/* Begin PBXNativeTarget section */
		6CC31B93240B842E008FA07D /* DocFinder */ = {
			isa = PBXNativeTarget;
			buildConfigurationList = 6CC31BAB240B8432008FA07D /* Build configuration list for PBXNativeTarget "DocFinder" */;
			buildPhases = (
				6CC31B90240B842E008FA07D /* Sources */,
				6CC31B91240B842E008FA07D /* Frameworks */,
				6CC31B92240B842E008FA07D /* Resources */,
			);
			buildRules = (
			);
			dependencies = (
			);
			name = DocFinder;
			productName = DocFinder;
			productReference = 6CC31B94240B842E008FA07D /* DocFinder.app */;
			productType = "com.apple.product-type.application";
		};
/* End PBXNativeTarget section */

/* Begin PBXProject section */
		6CC31B8C240B842E008FA07D /* Project object */ = {
			isa = PBXProject;
			attributes = {
				LastSwiftUpdateCheck = 1130;
				LastUpgradeCheck = 1130;
				ORGANIZATIONNAME = "Reza Takhti";
				TargetAttributes = {
					6CC31B93240B842E008FA07D = {
						CreatedOnToolsVersion = 11.3.1;
					};
				};
			};
			buildConfigurationList = 6CC31B8F240B842E008FA07D /* Build configuration list for PBXProject "DocFinder" */;
			compatibilityVersion = "Xcode 9.3";
			developmentRegion = en;
			hasScannedForEncodings = 0;
			knownRegions = (
				en,
				Base,
			);
			mainGroup = 6CC31B8B240B842E008FA07D;
			productRefGroup = 6CC31B95240B842E008FA07D /* Products */;
			projectDirPath = "";
			projectRoot = "";
			targets = (
				6CC31B93240B842E008FA07D /* DocFinder */,
			);
		};
/* End PBXProject section */

/* Begin PBXResourcesBuildPhase section */
		6CC31B92240B842E008FA07D /* Resources */ = {
			isa = PBXResourcesBuildPhase;
			buildActionMask = 2147483647;
			files = (
				6CC31BA7240B8432008FA07D /* LaunchScreen.storyboard in Resources */,
				6CC31BA4240B8432008FA07D /* Assets.xcassets in Resources */,
			);
			runOnlyForDeploymentPostprocessing = 0;
		};
/* End PBXResourcesBuildPhase section */

/* Begin PBXSourcesBuildPhase section */
		6CC31B90240B842E008FA07D /* Sources */ = {
			isa = PBXSourcesBuildPhase;
			buildActionMask = 2147483647;
			files = (
				6CC31BBB240CB455008FA07D /* TransparentButton.swift in Sources */,
				6CC31BB9240CAFB5008FA07D /* MainInsuranceView.swift in Sources */,
				6CC31BB5240B9D2B008FA07D /* BlueLineView.swift in Sources */,
				6CC31BA2240B842E008FA07D /* DocFinder.xcdatamodeld in Sources */,
				6CC31BB7240B9DB1008FA07D /* DFButton.swift in Sources */,
				6CC31B98240B842E008FA07D /* AppDelegate.swift in Sources */,
				6CC31BB1240B9595008FA07D /* UIColor+Ext.swift in Sources */,
				6CC31BBD240CB8E6008FA07D /* MyDoctorsButton.swift in Sources */,
				6CC31BC4240CC925008FA07D /* HomePageViewController.swift in Sources */,
				6CC31B9A240B842E008FA07D /* SceneDelegate.swift in Sources */,
				6CC31BC6240CCA1B008FA07D /* MainPageDoctorsView.swift in Sources */,
				6CC31BAF240B8AC9008FA07D /* MainTopView.swift in Sources */,
				6CC31BB3240B9C40008FA07D /* DoctorsNearbyView.swift in Sources */,
			);
			runOnlyForDeploymentPostprocessing = 0;
		};
/* End PBXSourcesBuildPhase section */

/* Begin PBXVariantGroup section */
		6CC31BA5240B8432008FA07D /* LaunchScreen.storyboard */ = {
			isa = PBXVariantGroup;
			children = (
				6CC31BA6240B8432008FA07D /* Base */,
			);
			name = LaunchScreen.storyboard;
			sourceTree = "<group>";
		};
/* End PBXVariantGroup section */

/* Begin XCBuildConfiguration section */
		6CC31BA9240B8432008FA07D /* Debug */ = {
			isa = XCBuildConfiguration;
			buildSettings = {
				ALWAYS_SEARCH_USER_PATHS = NO;
				CLANG_ANALYZER_NONNULL = YES;
				CLANG_ANALYZER_NUMBER_OBJECT_CONVERSION = YES_AGGRESSIVE;
				CLANG_CXX_LANGUAGE_STANDARD = "gnu++14";
				CLANG_CXX_LIBRARY = "libc++";
				CLANG_ENABLE_MODULES = YES;
				CLANG_ENABLE_OBJC_ARC = YES;
				CLANG_ENABLE_OBJC_WEAK = YES;
				CLANG_WARN_BLOCK_CAPTURE_AUTORELEASING = YES;
				CLANG_WARN_BOOL_CONVERSION = YES;
				CLANG_WARN_COMMA = YES;
				CLANG_WARN_CONSTANT_CONVERSION = YES;
				CLANG_WARN_DEPRECATED_OBJC_IMPLEMENTATIONS = YES;
				CLANG_WARN_DIRECT_OBJC_ISA_USAGE = YES_ERROR;
				CLANG_WARN_DOCUMENTATION_COMMENTS = YES;
				CLANG_WARN_EMPTY_BODY = YES;
				CLANG_WARN_ENUM_CONVERSION = YES;
				CLANG_WARN_INFINITE_RECURSION = YES;
				CLANG_WARN_INT_CONVERSION = YES;
				CLANG_WARN_NON_LITERAL_NULL_CONVERSION = YES;
				CLANG_WARN_OBJC_IMPLICIT_RETAIN_SELF = YES;
				CLANG_WARN_OBJC_LITERAL_CONVERSION = YES;
				CLANG_WARN_OBJC_ROOT_CLASS = YES_ERROR;
				CLANG_WARN_RANGE_LOOP_ANALYSIS = YES;
				CLANG_WARN_STRICT_PROTOTYPES = YES;
				CLANG_WARN_SUSPICIOUS_MOVE = YES;
				CLANG_WARN_UNGUARDED_AVAILABILITY = YES_AGGRESSIVE;
				CLANG_WARN_UNREACHABLE_CODE = YES;
				CLANG_WARN__DUPLICATE_METHOD_MATCH = YES;
				COPY_PHASE_STRIP = NO;
				DEBUG_INFORMATION_FORMAT = dwarf;
				ENABLE_STRICT_OBJC_MSGSEND = YES;
				ENABLE_TESTABILITY = YES;
				GCC_C_LANGUAGE_STANDARD = gnu11;
				GCC_DYNAMIC_NO_PIC = NO;
				GCC_NO_COMMON_BLOCKS = YES;
				GCC_OPTIMIZATION_LEVEL = 0;
				GCC_PREPROCESSOR_DEFINITIONS = (
					"DEBUG=1",
					"$(inherited)",
				);
				GCC_WARN_64_TO_32_BIT_CONVERSION = YES;
				GCC_WARN_ABOUT_RETURN_TYPE = YES_ERROR;
				GCC_WARN_UNDECLARED_SELECTOR = YES;
				GCC_WARN_UNINITIALIZED_AUTOS = YES_AGGRESSIVE;
				GCC_WARN_UNUSED_FUNCTION = YES;
				GCC_WARN_UNUSED_VARIABLE = YES;
				IPHONEOS_DEPLOYMENT_TARGET = 13.2;
				MTL_ENABLE_DEBUG_INFO = INCLUDE_SOURCE;
				MTL_FAST_MATH = YES;
				ONLY_ACTIVE_ARCH = YES;
				SDKROOT = iphoneos;
				SWIFT_ACTIVE_COMPILATION_CONDITIONS = DEBUG;
				SWIFT_OPTIMIZATION_LEVEL = "-Onone";
			};
			name = Debug;
		};
		6CC31BAA240B8432008FA07D /* Release */ = {
			isa = XCBuildConfiguration;
			buildSettings = {
				ALWAYS_SEARCH_USER_PATHS = NO;
				CLANG_ANALYZER_NONNULL = YES;
				CLANG_ANALYZER_NUMBER_OBJECT_CONVERSION = YES_AGGRESSIVE;
				CLANG_CXX_LANGUAGE_STANDARD = "gnu++14";
				CLANG_CXX_LIBRARY = "libc++";
				CLANG_ENABLE_MODULES = YES;
				CLANG_ENABLE_OBJC_ARC = YES;
				CLANG_ENABLE_OBJC_WEAK = YES;
				CLANG_WARN_BLOCK_CAPTURE_AUTORELEASING = YES;
				CLANG_WARN_BOOL_CONVERSION = YES;
				CLANG_WARN_COMMA = YES;
				CLANG_WARN_CONSTANT_CONVERSION = YES;
				CLANG_WARN_DEPRECATED_OBJC_IMPLEMENTATIONS = YES;
				CLANG_WARN_DIRECT_OBJC_ISA_USAGE = YES_ERROR;
				CLANG_WARN_DOCUMENTATION_COMMENTS = YES;
				CLANG_WARN_EMPTY_BODY = YES;
				CLANG_WARN_ENUM_CONVERSION = YES;
				CLANG_WARN_INFINITE_RECURSION = YES;
				CLANG_WARN_INT_CONVERSION = YES;
				CLANG_WARN_NON_LITERAL_NULL_CONVERSION = YES;
				CLANG_WARN_OBJC_IMPLICIT_RETAIN_SELF = YES;
				CLANG_WARN_OBJC_LITERAL_CONVERSION = YES;
				CLANG_WARN_OBJC_ROOT_CLASS = YES_ERROR;
				CLANG_WARN_RANGE_LOOP_ANALYSIS = YES;
				CLANG_WARN_STRICT_PROTOTYPES = YES;
				CLANG_WARN_SUSPICIOUS_MOVE = YES;
				CLANG_WARN_UNGUARDED_AVAILABILITY = YES_AGGRESSIVE;
				CLANG_WARN_UNREACHABLE_CODE = YES;
				CLANG_WARN__DUPLICATE_METHOD_MATCH = YES;
				COPY_PHASE_STRIP = NO;
				DEBUG_INFORMATION_FORMAT = "dwarf-with-dsym";
				ENABLE_NS_ASSERTIONS = NO;
				ENABLE_STRICT_OBJC_MSGSEND = YES;
				GCC_C_LANGUAGE_STANDARD = gnu11;
				GCC_NO_COMMON_BLOCKS = YES;
				GCC_WARN_64_TO_32_BIT_CONVERSION = YES;
				GCC_WARN_ABOUT_RETURN_TYPE = YES_ERROR;
				GCC_WARN_UNDECLARED_SELECTOR = YES;
				GCC_WARN_UNINITIALIZED_AUTOS = YES_AGGRESSIVE;
				GCC_WARN_UNUSED_FUNCTION = YES;
				GCC_WARN_UNUSED_VARIABLE = YES;
				IPHONEOS_DEPLOYMENT_TARGET = 13.2;
				MTL_ENABLE_DEBUG_INFO = NO;
				MTL_FAST_MATH = YES;
				SDKROOT = iphoneos;
				SWIFT_COMPILATION_MODE = wholemodule;
				SWIFT_OPTIMIZATION_LEVEL = "-O";
				VALIDATE_PRODUCT = YES;
			};
			name = Release;
		};
		6CC31BAC240B8432008FA07D /* Debug */ = {
			isa = XCBuildConfiguration;
			buildSettings = {
				ASSETCATALOG_COMPILER_APPICON_NAME = AppIcon;
				CODE_SIGN_STYLE = Automatic;
				DEVELOPMENT_TEAM = 5BCF277R26;
				INFOPLIST_FILE = DocFinder/Info.plist;
				IPHONEOS_DEPLOYMENT_TARGET = 12.0;
				LD_RUNPATH_SEARCH_PATHS = (
					"$(inherited)",
					"@executable_path/Frameworks",
				);
				PRODUCT_BUNDLE_IDENTIFIER = com.reza.DocFinder;
				PRODUCT_NAME = "$(TARGET_NAME)";
				SWIFT_VERSION = 5.0;
				TARGETED_DEVICE_FAMILY = "1,2";
			};
			name = Debug;
		};
		6CC31BAD240B8432008FA07D /* Release */ = {
			isa = XCBuildConfiguration;
			buildSettings = {
				ASSETCATALOG_COMPILER_APPICON_NAME = AppIcon;
				CODE_SIGN_STYLE = Automatic;
				DEVELOPMENT_TEAM = 5BCF277R26;
				INFOPLIST_FILE = DocFinder/Info.plist;
				IPHONEOS_DEPLOYMENT_TARGET = 12.0;
				LD_RUNPATH_SEARCH_PATHS = (
					"$(inherited)",
					"@executable_path/Frameworks",
				);
				PRODUCT_BUNDLE_IDENTIFIER = com.reza.DocFinder;
				PRODUCT_NAME = "$(TARGET_NAME)";
				SWIFT_VERSION = 5.0;
				TARGETED_DEVICE_FAMILY = "1,2";
			};
			name = Release;
		};
/* End XCBuildConfiguration section */

/* Begin XCConfigurationList section */
		6CC31B8F240B842E008FA07D /* Build configuration list for PBXProject "DocFinder" */ = {
			isa = XCConfigurationList;
			buildConfigurations = (
				6CC31BA9240B8432008FA07D /* Debug */,
				6CC31BAA240B8432008FA07D /* Release */,
			);
			defaultConfigurationIsVisible = 0;
			defaultConfigurationName = Release;
		};
		6CC31BAB240B8432008FA07D /* Build configuration list for PBXNativeTarget "DocFinder" */ = {
			isa = XCConfigurationList;
			buildConfigurations = (
				6CC31BAC240B8432008FA07D /* Debug */,
				6CC31BAD240B8432008FA07D /* Release */,
			);
			defaultConfigurationIsVisible = 0;
			defaultConfigurationName = Release;
		};
/* End XCConfigurationList section */

/* Begin XCVersionGroup section */
		6CC31BA0240B842E008FA07D /* DocFinder.xcdatamodeld */ = {
			isa = XCVersionGroup;
			children = (
				6CC31BA1240B842E008FA07D /* DocFinder.xcdatamodel */,
			);
			currentVersion = 6CC31BA1240B842E008FA07D /* DocFinder.xcdatamodel */;
			path = DocFinder.xcdatamodeld;
			sourceTree = "<group>";
			versionGroupType = wrapper.xcdatamodel;
		};
/* End XCVersionGroup section */
	};
	rootObject = 6CC31B8C240B842E008FA07D /* Project object */;
}
